
Microsoft Visual Studio Solution File, Format Version 12.00
# Visual Studio Version 17
VisualStudioVersion = 17.8.34330.188
MinimumVisualStudioVersion = 10.0.40219.1
Project("{FAE04EC0-301F-11D3-BF4B-00C04F79EFBC}") = "UserServiceAPI", "UserServiceAPI\UserServiceAPI.csproj", "{C649B90F-0386-40B1-A538-01DD3ADFBA32}"
EndProject
Global
	GlobalSection(SolutionConfigurationPlatforms) = preSolution
		Debug|Any CPU = Debug|Any CPU
		Release|Any CPU = Release|Any CPU
	EndGlobalSection
	GlobalSection(ProjectConfigurationPlatforms) = postSolution
		{C649B90F-0386-40B1-A538-01DD3ADFBA32}.Debug|Any CPU.ActiveCfg = Debug|Any CPU
		{C649B90F-0386-40B1-A538-01DD3ADFBA32}.Debug|Any CPU.Build.0 = Debug|Any CPU
		{C649B90F-0386-40B1-A538-01DD3ADFBA32}.Release|Any CPU.ActiveCfg = Release|Any CPU
		{C649B90F-0386-40B1-A538-01DD3ADFBA32}.Release|Any CPU.Build.0 = Release|Any CPU
	EndGlobalSection
	GlobalSection(SolutionProperties) = preSolution
		HideSolutionNode = FALSE
	EndGlobalSection
	GlobalSection(ExtensibilityGlobals) = postSolution
		SolutionGuid = {300D2E35-FED2-4645-8CF6-2DD9EEDA1E8E}
	EndGlobalSection
EndGlobal
